// !$*UTF8*$!
{
	archiveVersion = 1;
	classes = {
	};
	objectVersion = 55;
	objects = {

/* Begin PBXBuildFile section */
		0549B5E727FBACC00005E265 /* SearchResponse.swift in Sources */ = {isa = PBXBuildFile; fileRef = 0549B5E627FBACC00005E265 /* SearchResponse.swift */; };
		0585311A27FFB421009D5787 /* NewsHeaderView.swift in Sources */ = {isa = PBXBuildFile; fileRef = 0585311927FFB421009D5787 /* NewsHeaderView.swift */; };
		058EAD1D27F7F41E002D25C6 /* AppDelegate.swift in Sources */ = {isa = PBXBuildFile; fileRef = 058EAD1C27F7F41E002D25C6 /* AppDelegate.swift */; };
		058EAD1F27F7F41E002D25C6 /* SceneDelegate.swift in Sources */ = {isa = PBXBuildFile; fileRef = 058EAD1E27F7F41E002D25C6 /* SceneDelegate.swift */; };
		058EAD2127F7F41E002D25C6 /* WatchListViewController.swift in Sources */ = {isa = PBXBuildFile; fileRef = 058EAD2027F7F41E002D25C6 /* WatchListViewController.swift */; };
		058EAD2627F7F423002D25C6 /* Assets.xcassets in Resources */ = {isa = PBXBuildFile; fileRef = 058EAD2527F7F423002D25C6 /* Assets.xcassets */; };
		058EAD2927F7F423002D25C6 /* LaunchScreen.storyboard in Resources */ = {isa = PBXBuildFile; fileRef = 058EAD2727F7F423002D25C6 /* LaunchScreen.storyboard */; };
		058EAD3727F7F641002D25C6 /* NewsViewController.swift in Sources */ = {isa = PBXBuildFile; fileRef = 058EAD3627F7F641002D25C6 /* NewsViewController.swift */; };
		058EAD3927F7F65A002D25C6 /* SearchResultsViewController.swift in Sources */ = {isa = PBXBuildFile; fileRef = 058EAD3827F7F65A002D25C6 /* SearchResultsViewController.swift */; };
		058EAD3B27F7F67B002D25C6 /* StockDetailsViewController.swift in Sources */ = {isa = PBXBuildFile; fileRef = 058EAD3A27F7F67B002D25C6 /* StockDetailsViewController.swift */; };
		058EAD3D27F87A2A002D25C6 /* APIManager.swift in Sources */ = {isa = PBXBuildFile; fileRef = 058EAD3C27F87A2A002D25C6 /* APIManager.swift */; };
		058EAD3F27F87A38002D25C6 /* PersistenceManager.swift in Sources */ = {isa = PBXBuildFile; fileRef = 058EAD3E27F87A38002D25C6 /* PersistenceManager.swift */; };
		058EAD4127F87A46002D25C6 /* HapticsManager.swift in Sources */ = {isa = PBXBuildFile; fileRef = 058EAD4027F87A46002D25C6 /* HapticsManager.swift */; };
		05E9266227F8BE6700847FEC /* Extensions.swift in Sources */ = {isa = PBXBuildFile; fileRef = 05E9266127F8BE6700847FEC /* Extensions.swift */; };
		05E9266427F8C26500847FEC /* SearchResultTableViewCell.swift in Sources */ = {isa = PBXBuildFile; fileRef = 05E9266327F8C26500847FEC /* SearchResultTableViewCell.swift */; };
		188A6D8C281E4B5B07D60C12 /* Pods_Stocks.framework in Frameworks */ = {isa = PBXBuildFile; fileRef = C46156A421B085ADBEB60B86 /* Pods_Stocks.framework */; };
/* End PBXBuildFile section */

/* Begin PBXFileReference section */
		0549B5E627FBACC00005E265 /* SearchResponse.swift */ = {isa = PBXFileReference; lastKnownFileType = sourcecode.swift; name = SearchResponse.swift; path = Stocks/Views/SearchResponse.swift; sourceTree = SOURCE_ROOT; };
		0585311927FFB421009D5787 /* NewsHeaderView.swift */ = {isa = PBXFileReference; lastKnownFileType = sourcecode.swift; path = NewsHeaderView.swift; sourceTree = "<group>"; };
		058EAD1927F7F41E002D25C6 /* Stocks.app */ = {isa = PBXFileReference; explicitFileType = wrapper.application; includeInIndex = 0; path = Stocks.app; sourceTree = BUILT_PRODUCTS_DIR; };
		058EAD1C27F7F41E002D25C6 /* AppDelegate.swift */ = {isa = PBXFileReference; lastKnownFileType = sourcecode.swift; path = AppDelegate.swift; sourceTree = "<group>"; };
		058EAD1E27F7F41E002D25C6 /* SceneDelegate.swift */ = {isa = PBXFileReference; lastKnownFileType = sourcecode.swift; path = SceneDelegate.swift; sourceTree = "<group>"; };
		058EAD2027F7F41E002D25C6 /* WatchListViewController.swift */ = {isa = PBXFileReference; lastKnownFileType = sourcecode.swift; path = WatchListViewController.swift; sourceTree = "<group>"; };
		058EAD2527F7F423002D25C6 /* Assets.xcassets */ = {isa = PBXFileReference; lastKnownFileType = folder.assetcatalog; path = Assets.xcassets; sourceTree = "<group>"; };
		058EAD2827F7F423002D25C6 /* Base */ = {isa = PBXFileReference; lastKnownFileType = file.storyboard; name = Base; path = Base.lproj/LaunchScreen.storyboard; sourceTree = "<group>"; };
		058EAD2A27F7F423002D25C6 /* Info.plist */ = {isa = PBXFileReference; lastKnownFileType = text.plist.xml; path = Info.plist; sourceTree = "<group>"; };
		058EAD3627F7F641002D25C6 /* NewsViewController.swift */ = {isa = PBXFileReference; lastKnownFileType = sourcecode.swift; path = NewsViewController.swift; sourceTree = "<group>"; };
		058EAD3827F7F65A002D25C6 /* SearchResultsViewController.swift */ = {isa = PBXFileReference; lastKnownFileType = sourcecode.swift; path = SearchResultsViewController.swift; sourceTree = "<group>"; };
		058EAD3A27F7F67B002D25C6 /* StockDetailsViewController.swift */ = {isa = PBXFileReference; lastKnownFileType = sourcecode.swift; path = StockDetailsViewController.swift; sourceTree = "<group>"; };
		058EAD3C27F87A2A002D25C6 /* APIManager.swift */ = {isa = PBXFileReference; lastKnownFileType = sourcecode.swift; path = APIManager.swift; sourceTree = "<group>"; };
		058EAD3E27F87A38002D25C6 /* PersistenceManager.swift */ = {isa = PBXFileReference; lastKnownFileType = sourcecode.swift; path = PersistenceManager.swift; sourceTree = "<group>"; };
		058EAD4027F87A46002D25C6 /* HapticsManager.swift */ = {isa = PBXFileReference; lastKnownFileType = sourcecode.swift; path = HapticsManager.swift; sourceTree = "<group>"; };
		05E9266127F8BE6700847FEC /* Extensions.swift */ = {isa = PBXFileReference; lastKnownFileType = sourcecode.swift; path = Extensions.swift; sourceTree = "<group>"; };
		05E9266327F8C26500847FEC /* SearchResultTableViewCell.swift */ = {isa = PBXFileReference; lastKnownFileType = sourcecode.swift; path = SearchResultTableViewCell.swift; sourceTree = "<group>"; };
		731EF397663087BEB61167AA /* Pods-Stocks.release.xcconfig */ = {isa = PBXFileReference; includeInIndex = 1; lastKnownFileType = text.xcconfig; name = "Pods-Stocks.release.xcconfig"; path = "Target Support Files/Pods-Stocks/Pods-Stocks.release.xcconfig"; sourceTree = "<group>"; };
		C46156A421B085ADBEB60B86 /* Pods_Stocks.framework */ = {isa = PBXFileReference; explicitFileType = wrapper.framework; includeInIndex = 0; path = Pods_Stocks.framework; sourceTree = BUILT_PRODUCTS_DIR; };
		E30544EC3DDABCED22CB5917 /* Pods-Stocks.debug.xcconfig */ = {isa = PBXFileReference; includeInIndex = 1; lastKnownFileType = text.xcconfig; name = "Pods-Stocks.debug.xcconfig"; path = "Target Support Files/Pods-Stocks/Pods-Stocks.debug.xcconfig"; sourceTree = "<group>"; };
/* End PBXFileReference section */

/* Begin PBXFrameworksBuildPhase section */
		058EAD1627F7F41E002D25C6 /* Frameworks */ = {
			isa = PBXFrameworksBuildPhase;
			buildActionMask = 2147483647;
			files = (
				188A6D8C281E4B5B07D60C12 /* Pods_Stocks.framework in Frameworks */,
			);
			runOnlyForDeploymentPostprocessing = 0;
		};
/* End PBXFrameworksBuildPhase section */

/* Begin PBXGroup section */
		058EAD1027F7F41D002D25C6 = {
			isa = PBXGroup;
			children = (
				058EAD1B27F7F41E002D25C6 /* Stocks */,
				058EAD1A27F7F41E002D25C6 /* Products */,
				33E9870DBFB52208AFBC79D6 /* Pods */,
				32C637D04479FEC26DD6A451 /* Frameworks */,
			);
			sourceTree = "<group>";
		};
		058EAD1A27F7F41E002D25C6 /* Products */ = {
			isa = PBXGroup;
			children = (
				058EAD1927F7F41E002D25C6 /* Stocks.app */,
			);
			name = Products;
			sourceTree = "<group>";
		};
		058EAD1B27F7F41E002D25C6 /* Stocks */ = {
			isa = PBXGroup;
			children = (
				058EAD3527F7F503002D25C6 /* Other */,
				058EAD3427F7F4FC002D25C6 /* Managers */,
				058EAD3327F7F4EC002D25C6 /* Controllers */,
				058EAD3227F7F495002D25C6 /* Models */,
				058EAD3027F7F487002D25C6 /* Views */,
				058EAD2A27F7F423002D25C6 /* Info.plist */,
			);
			path = Stocks;
			sourceTree = "<group>";
		};
		058EAD3027F7F487002D25C6 /* Views */ = {
			isa = PBXGroup;
			children = (
				058EAD2727F7F423002D25C6 /* LaunchScreen.storyboard */,
				05E9266327F8C26500847FEC /* SearchResultTableViewCell.swift */,
				0585311927FFB421009D5787 /* NewsHeaderView.swift */,
			);
			path = Views;
			sourceTree = "<group>";
		};
		058EAD3227F7F495002D25C6 /* Models */ = {
			isa = PBXGroup;
			children = (
				0549B5E627FBACC00005E265 /* SearchResponse.swift */,
			);
			path = Models;
			sourceTree = "<group>";
		};
		058EAD3327F7F4EC002D25C6 /* Controllers */ = {
			isa = PBXGroup;
			children = (
				058EAD2027F7F41E002D25C6 /* WatchListViewController.swift */,
				058EAD3627F7F641002D25C6 /* NewsViewController.swift */,
				058EAD3827F7F65A002D25C6 /* SearchResultsViewController.swift */,
				058EAD3A27F7F67B002D25C6 /* StockDetailsViewController.swift */,
			);
			path = Controllers;
			sourceTree = "<group>";
		};
		058EAD3427F7F4FC002D25C6 /* Managers */ = {
			isa = PBXGroup;
			children = (
				058EAD3C27F87A2A002D25C6 /* APIManager.swift */,
				058EAD3E27F87A38002D25C6 /* PersistenceManager.swift */,
				058EAD4027F87A46002D25C6 /* HapticsManager.swift */,
			);
			path = Managers;
			sourceTree = "<group>";
		};
		058EAD3527F7F503002D25C6 /* Other */ = {
			isa = PBXGroup;
			children = (
				058EAD1C27F7F41E002D25C6 /* AppDelegate.swift */,
				058EAD1E27F7F41E002D25C6 /* SceneDelegate.swift */,
				05E9266127F8BE6700847FEC /* Extensions.swift */,
				058EAD2527F7F423002D25C6 /* Assets.xcassets */,
			);
			path = Other;
			sourceTree = "<group>";
		};
		32C637D04479FEC26DD6A451 /* Frameworks */ = {
			isa = PBXGroup;
			children = (
				C46156A421B085ADBEB60B86 /* Pods_Stocks.framework */,
			);
			name = Frameworks;
			sourceTree = "<group>";
		};
		33E9870DBFB52208AFBC79D6 /* Pods */ = {
			isa = PBXGroup;
			children = (
				E30544EC3DDABCED22CB5917 /* Pods-Stocks.debug.xcconfig */,
				731EF397663087BEB61167AA /* Pods-Stocks.release.xcconfig */,
			);
			path = Pods;
			sourceTree = "<group>";
		};
/* End PBXGroup section */

/* Begin PBXNativeTarget section */
		058EAD1827F7F41E002D25C6 /* Stocks */ = {
			isa = PBXNativeTarget;
			buildConfigurationList = 058EAD2D27F7F423002D25C6 /* Build configuration list for PBXNativeTarget "Stocks" */;
			buildPhases = (
				35D89C06ED2E79FD6FD27761 /* [CP] Check Pods Manifest.lock */,
				058EAD1527F7F41E002D25C6 /* Sources */,
				058EAD1627F7F41E002D25C6 /* Frameworks */,
				058EAD1727F7F41E002D25C6 /* Resources */,
				0F5ED7EBE8E67F9126B3F475 /* [CP] Embed Pods Frameworks */,
			);
			buildRules = (
			);
			dependencies = (
			);
			name = Stocks;
			productName = Stocks;
			productReference = 058EAD1927F7F41E002D25C6 /* Stocks.app */;
			productType = "com.apple.product-type.application";
		};
/* End PBXNativeTarget section */

/* Begin PBXProject section */
		058EAD1127F7F41D002D25C6 /* Project object */ = {
			isa = PBXProject;
			attributes = {
				BuildIndependentTargetsInParallel = 1;
				LastSwiftUpdateCheck = 1330;
				LastUpgradeCheck = 1330;
				TargetAttributes = {
					058EAD1827F7F41E002D25C6 = {
						CreatedOnToolsVersion = 13.3;
					};
				};
			};
			buildConfigurationList = 058EAD1427F7F41D002D25C6 /* Build configuration list for PBXProject "Stocks" */;
			compatibilityVersion = "Xcode 13.0";
			developmentRegion = en;
			hasScannedForEncodings = 0;
			knownRegions = (
				en,
				Base,
			);
			mainGroup = 058EAD1027F7F41D002D25C6;
			productRefGroup = 058EAD1A27F7F41E002D25C6 /* Products */;
			projectDirPath = "";
			projectRoot = "";
			targets = (
				058EAD1827F7F41E002D25C6 /* Stocks */,
			);
		};
/* End PBXProject section */

/* Begin PBXResourcesBuildPhase section */
		058EAD1727F7F41E002D25C6 /* Resources */ = {
			isa = PBXResourcesBuildPhase;
			buildActionMask = 2147483647;
			files = (
				058EAD2927F7F423002D25C6 /* LaunchScreen.storyboard in Resources */,
				058EAD2627F7F423002D25C6 /* Assets.xcassets in Resources */,
			);
			runOnlyForDeploymentPostprocessing = 0;
		};
/* End PBXResourcesBuildPhase section */

/* Begin PBXShellScriptBuildPhase section */
		0F5ED7EBE8E67F9126B3F475 /* [CP] Embed Pods Frameworks */ = {
			isa = PBXShellScriptBuildPhase;
			buildActionMask = 2147483647;
			files = (
			);
			inputFileListPaths = (
				"${PODS_ROOT}/Target Support Files/Pods-Stocks/Pods-Stocks-frameworks-${CONFIGURATION}-input-files.xcfilelist",
			);
			name = "[CP] Embed Pods Frameworks";
			outputFileListPaths = (
				"${PODS_ROOT}/Target Support Files/Pods-Stocks/Pods-Stocks-frameworks-${CONFIGURATION}-output-files.xcfilelist",
			);
			runOnlyForDeploymentPostprocessing = 0;
			shellPath = /bin/sh;
			shellScript = "\"${PODS_ROOT}/Target Support Files/Pods-Stocks/Pods-Stocks-frameworks.sh\"\n";
			showEnvVarsInLog = 0;
		};
		35D89C06ED2E79FD6FD27761 /* [CP] Check Pods Manifest.lock */ = {
			isa = PBXShellScriptBuildPhase;
			buildActionMask = 2147483647;
			files = (
			);
			inputFileListPaths = (
			);
			inputPaths = (
				"${PODS_PODFILE_DIR_PATH}/Podfile.lock",
				"${PODS_ROOT}/Manifest.lock",
			);
			name = "[CP] Check Pods Manifest.lock";
			outputFileListPaths = (
			);
			outputPaths = (
				"$(DERIVED_FILE_DIR)/Pods-Stocks-checkManifestLockResult.txt",
			);
			runOnlyForDeploymentPostprocessing = 0;
			shellPath = /bin/sh;
			shellScript = "diff \"${PODS_PODFILE_DIR_PATH}/Podfile.lock\" \"${PODS_ROOT}/Manifest.lock\" > /dev/null\nif [ $? != 0 ] ; then\n    # print error to STDERR\n    echo \"error: The sandbox is not in sync with the Podfile.lock. Run 'pod install' or update your CocoaPods installation.\" >&2\n    exit 1\nfi\n# This output is used by Xcode 'outputs' to avoid re-running this script phase.\necho \"SUCCESS\" > \"${SCRIPT_OUTPUT_FILE_0}\"\n";
			showEnvVarsInLog = 0;
		};
/* End PBXShellScriptBuildPhase section */

/* Begin PBXSourcesBuildPhase section */
		058EAD1527F7F41E002D25C6 /* Sources */ = {
			isa = PBXSourcesBuildPhase;
			buildActionMask = 2147483647;
			files = (
				058EAD4127F87A46002D25C6 /* HapticsManager.swift in Sources */,
				05E9266427F8C26500847FEC /* SearchResultTableViewCell.swift in Sources */,
				058EAD3B27F7F67B002D25C6 /* StockDetailsViewController.swift in Sources */,
				058EAD2127F7F41E002D25C6 /* WatchListViewController.swift in Sources */,
				058EAD3727F7F641002D25C6 /* NewsViewController.swift in Sources */,
				058EAD3F27F87A38002D25C6 /* PersistenceManager.swift in Sources */,
				05E9266227F8BE6700847FEC /* Extensions.swift in Sources */,
				058EAD1D27F7F41E002D25C6 /* AppDelegate.swift in Sources */,
				0549B5E727FBACC00005E265 /* SearchResponse.swift in Sources */,
				0585311A27FFB421009D5787 /* NewsHeaderView.swift in Sources */,
				058EAD1F27F7F41E002D25C6 /* SceneDelegate.swift in Sources */,
				058EAD3927F7F65A002D25C6 /* SearchResultsViewController.swift in Sources */,
				058EAD3D27F87A2A002D25C6 /* APIManager.swift in Sources */,
			);
			runOnlyForDeploymentPostprocessing = 0;
		};
/* End PBXSourcesBuildPhase section */

/* Begin PBXVariantGroup section */
		058EAD2727F7F423002D25C6 /* LaunchScreen.storyboard */ = {
			isa = PBXVariantGroup;
			children = (
				058EAD2827F7F423002D25C6 /* Base */,
			);
			name = LaunchScreen.storyboard;
			sourceTree = "<group>";
		};
/* End PBXVariantGroup section */

/* Begin XCBuildConfiguration section */
		058EAD2B27F7F423002D25C6 /* Debug */ = {
			isa = XCBuildConfiguration;
			buildSettings = {
				ALWAYS_SEARCH_USER_PATHS = NO;
				CLANG_ANALYZER_NONNULL = YES;
				CLANG_ANALYZER_NUMBER_OBJECT_CONVERSION = YES_AGGRESSIVE;
				CLANG_CXX_LANGUAGE_STANDARD = "gnu++17";
				CLANG_ENABLE_MODULES = YES;
				CLANG_ENABLE_OBJC_ARC = YES;
				CLANG_ENABLE_OBJC_WEAK = YES;
				CLANG_WARN_BLOCK_CAPTURE_AUTORELEASING = YES;
				CLANG_WARN_BOOL_CONVERSION = YES;
				CLANG_WARN_COMMA = YES;
				CLANG_WARN_CONSTANT_CONVERSION = YES;
				CLANG_WARN_DEPRECATED_OBJC_IMPLEMENTATIONS = YES;
				CLANG_WARN_DIRECT_OBJC_ISA_USAGE = YES_ERROR;
				CLANG_WARN_DOCUMENTATION_COMMENTS = YES;
				CLANG_WARN_EMPTY_BODY = YES;
				CLANG_WARN_ENUM_CONVERSION = YES;
				CLANG_WARN_INFINITE_RECURSION = YES;
				CLANG_WARN_INT_CONVERSION = YES;
				CLANG_WARN_NON_LITERAL_NULL_CONVERSION = YES;
				CLANG_WARN_OBJC_IMPLICIT_RETAIN_SELF = YES;
				CLANG_WARN_OBJC_LITERAL_CONVERSION = YES;
				CLANG_WARN_OBJC_ROOT_CLASS = YES_ERROR;
				CLANG_WARN_QUOTED_INCLUDE_IN_FRAMEWORK_HEADER = YES;
				CLANG_WARN_RANGE_LOOP_ANALYSIS = YES;
				CLANG_WARN_STRICT_PROTOTYPES = YES;
				CLANG_WARN_SUSPICIOUS_MOVE = YES;
				CLANG_WARN_UNGUARDED_AVAILABILITY = YES_AGGRESSIVE;
				CLANG_WARN_UNREACHABLE_CODE = YES;
				CLANG_WARN__DUPLICATE_METHOD_MATCH = YES;
				COPY_PHASE_STRIP = NO;
				DEBUG_INFORMATION_FORMAT = dwarf;
				ENABLE_STRICT_OBJC_MSGSEND = YES;
				ENABLE_TESTABILITY = YES;
				GCC_C_LANGUAGE_STANDARD = gnu11;
				GCC_DYNAMIC_NO_PIC = NO;
				GCC_NO_COMMON_BLOCKS = YES;
				GCC_OPTIMIZATION_LEVEL = 0;
				GCC_PREPROCESSOR_DEFINITIONS = (
					"DEBUG=1",
					"$(inherited)",
				);
				GCC_WARN_64_TO_32_BIT_CONVERSION = YES;
				GCC_WARN_ABOUT_RETURN_TYPE = YES_ERROR;
				GCC_WARN_UNDECLARED_SELECTOR = YES;
				GCC_WARN_UNINITIALIZED_AUTOS = YES_AGGRESSIVE;
				GCC_WARN_UNUSED_FUNCTION = YES;
				GCC_WARN_UNUSED_VARIABLE = YES;
				IPHONEOS_DEPLOYMENT_TARGET = 15.4;
				MTL_ENABLE_DEBUG_INFO = INCLUDE_SOURCE;
				MTL_FAST_MATH = YES;
				ONLY_ACTIVE_ARCH = YES;
				SDKROOT = iphoneos;
				SWIFT_ACTIVE_COMPILATION_CONDITIONS = DEBUG;
				SWIFT_OPTIMIZATION_LEVEL = "-Onone";
			};
			name = Debug;
		};
		058EAD2C27F7F423002D25C6 /* Release */ = {
			isa = XCBuildConfiguration;
			buildSettings = {
				ALWAYS_SEARCH_USER_PATHS = NO;
				CLANG_ANALYZER_NONNULL = YES;
				CLANG_ANALYZER_NUMBER_OBJECT_CONVERSION = YES_AGGRESSIVE;
				CLANG_CXX_LANGUAGE_STANDARD = "gnu++17";
				CLANG_ENABLE_MODULES = YES;
				CLANG_ENABLE_OBJC_ARC = YES;
				CLANG_ENABLE_OBJC_WEAK = YES;
				CLANG_WARN_BLOCK_CAPTURE_AUTORELEASING = YES;
				CLANG_WARN_BOOL_CONVERSION = YES;
				CLANG_WARN_COMMA = YES;
				CLANG_WARN_CONSTANT_CONVERSION = YES;
				CLANG_WARN_DEPRECATED_OBJC_IMPLEMENTATIONS = YES;
				CLANG_WARN_DIRECT_OBJC_ISA_USAGE = YES_ERROR;
				CLANG_WARN_DOCUMENTATION_COMMENTS = YES;
				CLANG_WARN_EMPTY_BODY = YES;
				CLANG_WARN_ENUM_CONVERSION = YES;
				CLANG_WARN_INFINITE_RECURSION = YES;
				CLANG_WARN_INT_CONVERSION = YES;
				CLANG_WARN_NON_LITERAL_NULL_CONVERSION = YES;
				CLANG_WARN_OBJC_IMPLICIT_RETAIN_SELF = YES;
				CLANG_WARN_OBJC_LITERAL_CONVERSION = YES;
				CLANG_WARN_OBJC_ROOT_CLASS = YES_ERROR;
				CLANG_WARN_QUOTED_INCLUDE_IN_FRAMEWORK_HEADER = YES;
				CLANG_WARN_RANGE_LOOP_ANALYSIS = YES;
				CLANG_WARN_STRICT_PROTOTYPES = YES;
				CLANG_WARN_SUSPICIOUS_MOVE = YES;
				CLANG_WARN_UNGUARDED_AVAILABILITY = YES_AGGRESSIVE;
				CLANG_WARN_UNREACHABLE_CODE = YES;
				CLANG_WARN__DUPLICATE_METHOD_MATCH = YES;
				COPY_PHASE_STRIP = NO;
				DEBUG_INFORMATION_FORMAT = "dwarf-with-dsym";
				ENABLE_NS_ASSERTIONS = NO;
				ENABLE_STRICT_OBJC_MSGSEND = YES;
				GCC_C_LANGUAGE_STANDARD = gnu11;
				GCC_NO_COMMON_BLOCKS = YES;
				GCC_WARN_64_TO_32_BIT_CONVERSION = YES;
				GCC_WARN_ABOUT_RETURN_TYPE = YES_ERROR;
				GCC_WARN_UNDECLARED_SELECTOR = YES;
				GCC_WARN_UNINITIALIZED_AUTOS = YES_AGGRESSIVE;
				GCC_WARN_UNUSED_FUNCTION = YES;
				GCC_WARN_UNUSED_VARIABLE = YES;
				IPHONEOS_DEPLOYMENT_TARGET = 15.4;
				MTL_ENABLE_DEBUG_INFO = NO;
				MTL_FAST_MATH = YES;
				SDKROOT = iphoneos;
				SWIFT_COMPILATION_MODE = wholemodule;
				SWIFT_OPTIMIZATION_LEVEL = "-O";
				VALIDATE_PRODUCT = YES;
			};
			name = Release;
		};
		058EAD2E27F7F423002D25C6 /* Debug */ = {
			isa = XCBuildConfiguration;
			baseConfigurationReference = E30544EC3DDABCED22CB5917 /* Pods-Stocks.debug.xcconfig */;
			buildSettings = {
				ASSETCATALOG_COMPILER_APPICON_NAME = AppIcon;
				ASSETCATALOG_COMPILER_GLOBAL_ACCENT_COLOR_NAME = AccentColor;
				CODE_SIGN_STYLE = Automatic;
				CURRENT_PROJECT_VERSION = 1;
				DEVELOPMENT_TEAM = 7A3R2B8SCD;
				GENERATE_INFOPLIST_FILE = YES;
				INFOPLIST_FILE = Stocks/Info.plist;
				INFOPLIST_KEY_UIApplicationSupportsIndirectInputEvents = YES;
				INFOPLIST_KEY_UILaunchStoryboardName = LaunchScreen;
				INFOPLIST_KEY_UISupportedInterfaceOrientations = UIInterfaceOrientationPortrait;
				INFOPLIST_KEY_UISupportedInterfaceOrientations_iPad = "UIInterfaceOrientationPortrait UIInterfaceOrientationPortraitUpsideDown UIInterfaceOrientationLandscapeLeft UIInterfaceOrientationLandscapeRight";
				INFOPLIST_KEY_UISupportedInterfaceOrientations_iPhone = "UIInterfaceOrientationPortrait UIInterfaceOrientationLandscapeLeft UIInterfaceOrientationLandscapeRight";
				IPHONEOS_DEPLOYMENT_TARGET = 13.0;
				LD_RUNPATH_SEARCH_PATHS = (
					"$(inherited)",
					"@executable_path/Frameworks",
				);
				MARKETING_VERSION = 1.0;
				PRODUCT_BUNDLE_IDENTIFIER = com.MarcJacques.Stocks;
				PRODUCT_NAME = "$(TARGET_NAME)";
				SWIFT_EMIT_LOC_STRINGS = YES;
				SWIFT_VERSION = 5.0;
				TARGETED_DEVICE_FAMILY = 1;
			};
			name = Debug;
		};
		058EAD2F27F7F423002D25C6 /* Release */ = {
			isa = XCBuildConfiguration;
			baseConfigurationReference = 731EF397663087BEB61167AA /* Pods-Stocks.release.xcconfig */;
			buildSettings = {
				ASSETCATALOG_COMPILER_APPICON_NAME = AppIcon;
				ASSETCATALOG_COMPILER_GLOBAL_ACCENT_COLOR_NAME = AccentColor;
				CODE_SIGN_STYLE = Automatic;
				CURRENT_PROJECT_VERSION = 1;
				DEVELOPMENT_TEAM = 7A3R2B8SCD;
				GENERATE_INFOPLIST_FILE = YES;
				INFOPLIST_FILE = Stocks/Info.plist;
				INFOPLIST_KEY_UIApplicationSupportsIndirectInputEvents = YES;
				INFOPLIST_KEY_UILaunchStoryboardName = LaunchScreen;
				INFOPLIST_KEY_UISupportedInterfaceOrientations = UIInterfaceOrientationPortrait;
				INFOPLIST_KEY_UISupportedInterfaceOrientations_iPad = "UIInterfaceOrientationPortrait UIInterfaceOrientationPortraitUpsideDown UIInterfaceOrientationLandscapeLeft UIInterfaceOrientationLandscapeRight";
				INFOPLIST_KEY_UISupportedInterfaceOrientations_iPhone = "UIInterfaceOrientationPortrait UIInterfaceOrientationLandscapeLeft UIInterfaceOrientationLandscapeRight";
				IPHONEOS_DEPLOYMENT_TARGET = 13.0;
				LD_RUNPATH_SEARCH_PATHS = (
					"$(inherited)",
					"@executable_path/Frameworks",
				);
				MARKETING_VERSION = 1.0;
				PRODUCT_BUNDLE_IDENTIFIER = com.MarcJacques.Stocks;
				PRODUCT_NAME = "$(TARGET_NAME)";
				SWIFT_EMIT_LOC_STRINGS = YES;
				SWIFT_VERSION = 5.0;
				TARGETED_DEVICE_FAMILY = 1;
			};
			name = Release;
		};
/* End XCBuildConfiguration section */

/* Begin XCConfigurationList section */
		058EAD1427F7F41D002D25C6 /* Build configuration list for PBXProject "Stocks" */ = {
			isa = XCConfigurationList;
			buildConfigurations = (
				058EAD2B27F7F423002D25C6 /* Debug */,
				058EAD2C27F7F423002D25C6 /* Release */,
			);
			defaultConfigurationIsVisible = 0;
			defaultConfigurationName = Release;
		};
		058EAD2D27F7F423002D25C6 /* Build configuration list for PBXNativeTarget "Stocks" */ = {
			isa = XCConfigurationList;
			buildConfigurations = (
				058EAD2E27F7F423002D25C6 /* Debug */,
				058EAD2F27F7F423002D25C6 /* Release */,
			);
			defaultConfigurationIsVisible = 0;
			defaultConfigurationName = Release;
		};
/* End XCConfigurationList section */
	};
	rootObject = 058EAD1127F7F41D002D25C6 /* Project object */;
}
